// !$*UTF8*$!
{
	archiveVersion = 1;
	classes = {
	};
	objectVersion = 46;
	objects = {

/* Begin PBXBuildFile section */
		41809A9D197D79FB00323545 /* Recap.m in Sources */ = {isa = PBXBuildFile; fileRef = 41809A8E197CCAE000323545 /* Recap.m */; };
		41809AA3197D7BEE00323545 /* CoreMotion.framework in Frameworks */ = {isa = PBXBuildFile; fileRef = 41809AA2197D7BEE00323545 /* CoreMotion.framework */; };
		419EB28D19804A04001C9601 /* Accounts.framework in Frameworks */ = {isa = PBXBuildFile; fileRef = 419EB28C19804A04001C9601 /* Accounts.framework */; settings = {ATTRIBUTES = (Weak, ); }; };
		419EB28F19804A0C001C9601 /* AdSupport.framework in Frameworks */ = {isa = PBXBuildFile; fileRef = 419EB28E19804A0C001C9601 /* AdSupport.framework */; settings = {ATTRIBUTES = (Weak, ); }; };
		419EB29119804A13001C9601 /* CFNetwork.framework in Frameworks */ = {isa = PBXBuildFile; fileRef = 419EB29019804A13001C9601 /* CFNetwork.framework */; };
		419EB29319804A1A001C9601 /* CoreTelephony.framework in Frameworks */ = {isa = PBXBuildFile; fileRef = 419EB29219804A1A001C9601 /* CoreTelephony.framework */; };
		419EB29519804A2C001C9601 /* libicucore.dylib in Frameworks */ = {isa = PBXBuildFile; fileRef = 419EB29419804A2C001C9601 /* libicucore.dylib */; };
		419EB29719804A33001C9601 /* MessageUI.framework in Frameworks */ = {isa = PBXBuildFile; fileRef = 419EB29619804A33001C9601 /* MessageUI.framework */; };
		419EB29919804A3A001C9601 /* Security.framework in Frameworks */ = {isa = PBXBuildFile; fileRef = 419EB29819804A3A001C9601 /* Security.framework */; };
		419EB29B19804A52001C9601 /* Social.framework in Frameworks */ = {isa = PBXBuildFile; fileRef = 419EB29A19804A52001C9601 /* Social.framework */; settings = {ATTRIBUTES = (Weak, ); }; };
		419EB29D19804A5B001C9601 /* StoreKit.framework in Frameworks */ = {isa = PBXBuildFile; fileRef = 419EB29C19804A5B001C9601 /* StoreKit.framework */; };
		419EB29F19804A64001C9601 /* SystemConfiguration.framework in Frameworks */ = {isa = PBXBuildFile; fileRef = 419EB29E19804A64001C9601 /* SystemConfiguration.framework */; };
		419EB2A119804A6D001C9601 /* Twitter.framework in Frameworks */ = {isa = PBXBuildFile; fileRef = 419EB2A019804A6D001C9601 /* Twitter.framework */; settings = {ATTRIBUTES = (Weak, ); }; };
		419EB2EB19804B87001C9601 /* mgwuSDK.framework in Frameworks */ = {isa = PBXBuildFile; fileRef = 419EB2A319804B87001C9601 /* mgwuSDK.framework */; };
		419EB2EC19804B87001C9601 /* aqua.png in Resources */ = {isa = PBXBuildFile; fileRef = 419EB2A519804B87001C9601 /* aqua.png */; };
		419EB2ED19804B87001C9601 /* bluechatbubble.png in Resources */ = {isa = PBXBuildFile; fileRef = 419EB2A619804B87001C9601 /* bluechatbubble.png */; };
		419EB2EE19804B87001C9601 /* CrossPromoViewController.nib in Resources */ = {isa = PBXBuildFile; fileRef = 419EB2A719804B87001C9601 /* CrossPromoViewController.nib */; };
		419EB2EF19804B87001C9601 /* FacebookIcon.png in Resources */ = {isa = PBXBuildFile; fileRef = 419EB2A819804B87001C9601 /* FacebookIcon.png */; };
		419EB2F019804B87001C9601 /* FacebookSDKResources.bundle in Resources */ = {isa = PBXBuildFile; fileRef = 419EB2A919804B87001C9601 /* FacebookSDKResources.bundle */; };
		419EB2F119804B87001C9601 /* fb_connect.png in Resources */ = {isa = PBXBuildFile; fileRef = 419EB2AA19804B87001C9601 /* fb_connect.png */; };
		419EB2F219804B87001C9601 /* FBLoginButton.png in Resources */ = {isa = PBXBuildFile; fileRef = 419EB2AB19804B87001C9601 /* FBLoginButton.png */; };
		419EB2F319804B87001C9601 /* FBLoginButton@2x.png in Resources */ = {isa = PBXBuildFile; fileRef = 419EB2AC19804B87001C9601 /* FBLoginButton@2x.png */; };
		419EB2F419804B87001C9601 /* FBLoginButtonPressed.png in Resources */ = {isa = PBXBuildFile; fileRef = 419EB2AD19804B87001C9601 /* FBLoginButtonPressed.png */; };
		419EB2F519804B87001C9601 /* FBLoginButtonPressed@2x.png in Resources */ = {isa = PBXBuildFile; fileRef = 419EB2AE19804B87001C9601 /* FBLoginButtonPressed@2x.png */; };
		419EB2F619804B87001C9601 /* FBNoThanksButton.png in Resources */ = {isa = PBXBuildFile; fileRef = 419EB2AF19804B87001C9601 /* FBNoThanksButton.png */; };
		419EB2F719804B87001C9601 /* FBNoThanksButton@2x.png in Resources */ = {isa = PBXBuildFile; fileRef = 419EB2B019804B87001C9601 /* FBNoThanksButton@2x.png */; };
		419EB2F819804B87001C9601 /* FBNoThanksButtonPressed.png in Resources */ = {isa = PBXBuildFile; fileRef = 419EB2B119804B87001C9601 /* FBNoThanksButtonPressed.png */; };
		419EB2F919804B87001C9601 /* FBNoThanksButtonPressed@2x.png in Resources */ = {isa = PBXBuildFile; fileRef = 419EB2B219804B87001C9601 /* FBNoThanksButtonPressed@2x.png */; };
		419EB2FA19804B87001C9601 /* green.png in Resources */ = {isa = PBXBuildFile; fileRef = 419EB2B319804B87001C9601 /* green.png */; };
		419EB2FB19804B87001C9601 /* grey-background.png in Resources */ = {isa = PBXBuildFile; fileRef = 419EB2B419804B87001C9601 /* grey-background.png */; };
		419EB2FC19804B87001C9601 /* hipmob.back.btn.png in Resources */ = {isa = PBXBuildFile; fileRef = 419EB2B519804B87001C9601 /* hipmob.back.btn.png */; };
		419EB2FD19804B87001C9601 /* hipmob.send.png in Resources */ = {isa = PBXBuildFile; fileRef = 419EB2B619804B87001C9601 /* hipmob.send.png */; };
		419EB2FE19804B87001C9601 /* hipmobsend_field.png in Resources */ = {isa = PBXBuildFile; fileRef = 419EB2B719804B87001C9601 /* hipmobsend_field.png */; };
		419EB2FF19804B87001C9601 /* hipmobsend_field@2x.png in Resources */ = {isa = PBXBuildFile; fileRef = 419EB2B819804B87001C9601 /* hipmobsend_field@2x.png */; };
		419EB30019804B87001C9601 /* mgwu-gk-notification.png in Resources */ = {isa = PBXBuildFile; fileRef = 419EB2B919804B87001C9601 /* mgwu-gk-notification.png */; };
		419EB30119804B87001C9601 /* mgwu-gk-notification@2x.png in Resources */ = {isa = PBXBuildFile; fileRef = 419EB2BA19804B87001C9601 /* mgwu-gk-notification@2x.png */; };
		419EB30219804B87001C9601 /* mgwu-m.png in Resources */ = {isa = PBXBuildFile; fileRef = 419EB2BB19804B87001C9601 /* mgwu-m.png */; };
		419EB30319804B87001C9601 /* mgwu-m@2x.png in Resources */ = {isa = PBXBuildFile; fileRef = 419EB2BC19804B87001C9601 /* mgwu-m@2x.png */; };
		419EB30419804B87001C9601 /* MGWUAboutFooter-Landscape-568h@2x~iphone.png in Resources */ = {isa = PBXBuildFile; fileRef = 419EB2BD19804B87001C9601 /* MGWUAboutFooter-Landscape-568h@2x~iphone.png */; };
		419EB30519804B87001C9601 /* MGWUAboutFooter-Landscape@2x~ipad.png in Resources */ = {isa = PBXBuildFile; fileRef = 419EB2BE19804B87001C9601 /* MGWUAboutFooter-Landscape@2x~ipad.png */; };
		419EB30619804B87001C9601 /* MGWUAboutFooter-Landscape@2x~iphone.png in Resources */ = {isa = PBXBuildFile; fileRef = 419EB2BF19804B87001C9601 /* MGWUAboutFooter-Landscape@2x~iphone.png */; };
		419EB30719804B87001C9601 /* MGWUAboutFooter-Landscape~ipad.png in Resources */ = {isa = PBXBuildFile; fileRef = 419EB2C019804B87001C9601 /* MGWUAboutFooter-Landscape~ipad.png */; };
		419EB30819804B87001C9601 /* MGWUAboutFooter-Landscape~iphone.png in Resources */ = {isa = PBXBuildFile; fileRef = 419EB2C119804B87001C9601 /* MGWUAboutFooter-Landscape~iphone.png */; };
		419EB30919804B87001C9601 /* MGWUAboutFooter-Portrait@2x~ipad.png in Resources */ = {isa = PBXBuildFile; fileRef = 419EB2C219804B87001C9601 /* MGWUAboutFooter-Portrait@2x~ipad.png */; };
		419EB30A19804B87001C9601 /* MGWUAboutFooter-Portrait@2x~iphone.png in Resources */ = {isa = PBXBuildFile; fileRef = 419EB2C319804B87001C9601 /* MGWUAboutFooter-Portrait@2x~iphone.png */; };
		419EB30B19804B87001C9601 /* MGWUAboutFooter-Portrait~ipad.png in Resources */ = {isa = PBXBuildFile; fileRef = 419EB2C419804B87001C9601 /* MGWUAboutFooter-Portrait~ipad.png */; };
		419EB30C19804B87001C9601 /* MGWUAboutFooter-Portrait~iphone.png in Resources */ = {isa = PBXBuildFile; fileRef = 419EB2C519804B87001C9601 /* MGWUAboutFooter-Portrait~iphone.png */; };
		419EB30D19804B87001C9601 /* MGWUBackground-Landscape@2x~ipad.png in Resources */ = {isa = PBXBuildFile; fileRef = 419EB2C619804B87001C9601 /* MGWUBackground-Landscape@2x~ipad.png */; };
		419EB30E19804B87001C9601 /* MGWUBackground-Landscape@2x~iphone.png in Resources */ = {isa = PBXBuildFile; fileRef = 419EB2C719804B87001C9601 /* MGWUBackground-Landscape@2x~iphone.png */; };
		419EB30F19804B87001C9601 /* MGWUBackground-Landscape~ipad.png in Resources */ = {isa = PBXBuildFile; fileRef = 419EB2C819804B87001C9601 /* MGWUBackground-Landscape~ipad.png */; };
		419EB31019804B87001C9601 /* MGWUBackground-Landscape~iphone.png in Resources */ = {isa = PBXBuildFile; fileRef = 419EB2C919804B87001C9601 /* MGWUBackground-Landscape~iphone.png */; };
		419EB31119804B87001C9601 /* MGWUBackground-Portrait@2x~ipad.png in Resources */ = {isa = PBXBuildFile; fileRef = 419EB2CA19804B87001C9601 /* MGWUBackground-Portrait@2x~ipad.png */; };
		419EB31219804B87001C9601 /* MGWUBackground-Portrait@2x~iphone.png in Resources */ = {isa = PBXBuildFile; fileRef = 419EB2CB19804B87001C9601 /* MGWUBackground-Portrait@2x~iphone.png */; };
		419EB31319804B87001C9601 /* MGWUBackground-Portrait~ipad.png in Resources */ = {isa = PBXBuildFile; fileRef = 419EB2CC19804B87001C9601 /* MGWUBackground-Portrait~ipad.png */; };
		419EB31419804B87001C9601 /* MGWUBackground-Portrait~iphone.png in Resources */ = {isa = PBXBuildFile; fileRef = 419EB2CD19804B87001C9601 /* MGWUBackground-Portrait~iphone.png */; };
		419EB31519804B87001C9601 /* MGWUBackgroundDark-Landscape@2x~ipad.png in Resources */ = {isa = PBXBuildFile; fileRef = 419EB2CE19804B87001C9601 /* MGWUBackgroundDark-Landscape@2x~ipad.png */; };
		419EB31619804B87001C9601 /* MGWUBackgroundDark-Landscape@2x~iphone.png in Resources */ = {isa = PBXBuildFile; fileRef = 419EB2CF19804B87001C9601 /* MGWUBackgroundDark-Landscape@2x~iphone.png */; };
		419EB31719804B87001C9601 /* MGWUBackgroundDark-Landscape~ipad.png in Resources */ = {isa = PBXBuildFile; fileRef = 419EB2D019804B87001C9601 /* MGWUBackgroundDark-Landscape~ipad.png */; };
		419EB31819804B87001C9601 /* MGWUBackgroundDark-Landscape~iphone.png in Resources */ = {isa = PBXBuildFile; fileRef = 419EB2D119804B87001C9601 /* MGWUBackgroundDark-Landscape~iphone.png */; };
		419EB31919804B87001C9601 /* MGWUBackgroundDark-Portrait@2x~ipad.png in Resources */ = {isa = PBXBuildFile; fileRef = 419EB2D219804B87001C9601 /* MGWUBackgroundDark-Portrait@2x~ipad.png */; };
		419EB31A19804B87001C9601 /* MGWUBackgroundDark-Portrait@2x~iphone.png in Resources */ = {isa = PBXBuildFile; fileRef = 419EB2D319804B87001C9601 /* MGWUBackgroundDark-Portrait@2x~iphone.png */; };
		419EB31B19804B87001C9601 /* MGWUBackgroundDark-Portrait~ipad.png in Resources */ = {isa = PBXBuildFile; fileRef = 419EB2D419804B87001C9601 /* MGWUBackgroundDark-Portrait~ipad.png */; };
		419EB31C19804B87001C9601 /* MGWUBackgroundDark-Portrait~iphone.png in Resources */ = {isa = PBXBuildFile; fileRef = 419EB2D519804B87001C9601 /* MGWUBackgroundDark-Portrait~iphone.png */; };
		419EB31D19804B87001C9601 /* MGWUClose.png in Resources */ = {isa = PBXBuildFile; fileRef = 419EB2D619804B87001C9601 /* MGWUClose.png */; };
		419EB31E19804B87001C9601 /* MGWUClose@2x.png in Resources */ = {isa = PBXBuildFile; fileRef = 419EB2D719804B87001C9601 /* MGWUClose@2x.png */; };
		419EB31F19804B87001C9601 /* MGWUFacebookLoginLandscape.nib in Resources */ = {isa = PBXBuildFile; fileRef = 419EB2D819804B87001C9601 /* MGWUFacebookLoginLandscape.nib */; };
		419EB32019804B87001C9601 /* MGWUFacebookLoginLandscapeDark.nib in Resources */ = {isa = PBXBuildFile; fileRef = 419EB2D919804B87001C9601 /* MGWUFacebookLoginLandscapeDark.nib */; };
		419EB32119804B87001C9601 /* MGWUFacebookLoginPortrait.nib in Resources */ = {isa = PBXBuildFile; fileRef = 419EB2DA19804B87001C9601 /* MGWUFacebookLoginPortrait.nib */; };
		419EB32219804B87001C9601 /* MGWUFacebookLoginPortraitDark.nib in Resources */ = {isa = PBXBuildFile; fileRef = 419EB2DB19804B87001C9601 /* MGWUFacebookLoginPortraitDark.nib */; };
		419EB32319804B87001C9601 /* mgwuLogo.png in Resources */ = {isa = PBXBuildFile; fileRef = 419EB2DC19804B87001C9601 /* mgwuLogo.png */; };
		419EB32419804B87001C9601 /* mgwuLogo@2x.png in Resources */ = {isa = PBXBuildFile; fileRef = 419EB2DD19804B87001C9601 /* mgwuLogo@2x.png */; };
		419EB32519804B87001C9601 /* mgwuLogoDark.png in Resources */ = {isa = PBXBuildFile; fileRef = 419EB2DE19804B87001C9601 /* mgwuLogoDark.png */; };
		419EB32619804B87001C9601 /* mgwuLogoDark@2x.png in Resources */ = {isa = PBXBuildFile; fileRef = 419EB2DF19804B87001C9601 /* mgwuLogoDark@2x.png */; };
		419EB32719804B87001C9601 /* mgwuPlaceholderIcon.png in Resources */ = {isa = PBXBuildFile; fileRef = 419EB2E019804B87001C9601 /* mgwuPlaceholderIcon.png */; };
		419EB32819804B87001C9601 /* mgwuPlaceholderIcon@2x.png in Resources */ = {isa = PBXBuildFile; fileRef = 419EB2E119804B87001C9601 /* mgwuPlaceholderIcon@2x.png */; };
		419EB32919804B87001C9601 /* mgwuPlaceholderIconDark.png in Resources */ = {isa = PBXBuildFile; fileRef = 419EB2E219804B87001C9601 /* mgwuPlaceholderIconDark.png */; };
		419EB32A19804B87001C9601 /* mgwuPlaceholderIconDark@2x.png in Resources */ = {isa = PBXBuildFile; fileRef = 419EB2E319804B87001C9601 /* mgwuPlaceholderIconDark@2x.png */; };
		419EB32B19804B87001C9601 /* operator.available.png in Resources */ = {isa = PBXBuildFile; fileRef = 419EB2E419804B87001C9601 /* operator.available.png */; };
		419EB32C19804B87001C9601 /* operator.connecting.png in Resources */ = {isa = PBXBuildFile; fileRef = 419EB2E519804B87001C9601 /* operator.connecting.png */; };
		419EB32D19804B87001C9601 /* operator.unavailable.png in Resources */ = {isa = PBXBuildFile; fileRef = 419EB2E619804B87001C9601 /* operator.unavailable.png */; };
		419EB32E19804B87001C9601 /* send-button-active.png in Resources */ = {isa = PBXBuildFile; fileRef = 419EB2E719804B87001C9601 /* send-button-active.png */; };
		419EB32F19804B87001C9601 /* send-button-inactive.png in Resources */ = {isa = PBXBuildFile; fileRef = 419EB2E819804B87001C9601 /* send-button-inactive.png */; };
		419EB33019804B87001C9601 /* send-button-instate.png in Resources */ = {isa = PBXBuildFile; fileRef = 419EB2E919804B87001C9601 /* send-button-instate.png */; };
		419EB33119804B87001C9601 /* send-field-landscape.png in Resources */ = {isa = PBXBuildFile; fileRef = 419EB2EA19804B87001C9601 /* send-field-landscape.png */; };
		419EB3391981466D001C9601 /* Images.xcassets in Resources */ = {isa = PBXBuildFile; fileRef = 419EB3381981466D001C9601 /* Images.xcassets */; };
		419EB3461981495E001C9601 /* iPad-old.png in Resources */ = {isa = PBXBuildFile; fileRef = 419EB33C1981495E001C9601 /* iPad-old.png */; };
		419EB3471981495E001C9601 /* iPad-old@2x.png in Resources */ = {isa = PBXBuildFile; fileRef = 419EB33D1981495E001C9601 /* iPad-old@2x.png */; };
		419EB3481981495E001C9601 /* iPad.png in Resources */ = {isa = PBXBuildFile; fileRef = 419EB33E1981495E001C9601 /* iPad.png */; };
		419EB3491981495E001C9601 /* iPad@2x.png in Resources */ = {isa = PBXBuildFile; fileRef = 419EB33F1981495E001C9601 /* iPad@2x.png */; };
		419EB34A1981495E001C9601 /* iPhone-old.png in Resources */ = {isa = PBXBuildFile; fileRef = 419EB3401981495E001C9601 /* iPhone-old.png */; };
		419EB34B1981495E001C9601 /* iPhone-old@2x.png in Resources */ = {isa = PBXBuildFile; fileRef = 419EB3411981495E001C9601 /* iPhone-old@2x.png */; };
		419EB34C1981495E001C9601 /* iPhone.png in Resources */ = {isa = PBXBuildFile; fileRef = 419EB3421981495E001C9601 /* iPhone.png */; };
		419EB34D1981495E001C9601 /* iPhone@2x.png in Resources */ = {isa = PBXBuildFile; fileRef = 419EB3431981495E001C9601 /* iPhone@2x.png */; };
		419EB34E1981495E001C9601 /* Settings.png in Resources */ = {isa = PBXBuildFile; fileRef = 419EB3441981495E001C9601 /* Settings.png */; };
		419EB34F1981495E001C9601 /* Settings@2x.png in Resources */ = {isa = PBXBuildFile; fileRef = 419EB3451981495E001C9601 /* Settings@2x.png */; };
		419EB35119814C9F001C9601 /* iphone_spotlight_1.png in Resources */ = {isa = PBXBuildFile; fileRef = 419EB35019814C9F001C9601 /* iphone_spotlight_1.png */; };
		8392007A18EE8E3300B6C429 /* GLKit.framework in Frameworks */ = {isa = PBXBuildFile; fileRef = 8392007918EE8E3300B6C429 /* GLKit.framework */; };
		B737893B180761570076A88C /* Published-iOS in Resources */ = {isa = PBXBuildFile; fileRef = B737893A180761570076A88C /* Published-iOS */; };
		B737893F1807617C0076A88C /* AppDelegate.m in Sources */ = {isa = PBXBuildFile; fileRef = B737893E1807617C0076A88C /* AppDelegate.m */; };
		B73789871807631A0076A88C /* main.m in Sources */ = {isa = PBXBuildFile; fileRef = B73789851807631A0076A88C /* main.m */; };
		B737898A1807642B0076A88C /* libcocos2d.a in Frameworks */ = {isa = PBXBuildFile; fileRef = B737894B180761A90076A88C /* libcocos2d.a */; };
		B7378994180767190076A88C /* MainScene.m in Sources */ = {isa = PBXBuildFile; fileRef = B7378993180767190076A88C /* MainScene.m */; };
		B77F1B3217B978D7009739AE /* QuartzCore.framework in Frameworks */ = {isa = PBXBuildFile; fileRef = B77F1B3117B978D7009739AE /* QuartzCore.framework */; };
		B77F1B3417B978D7009739AE /* OpenGLES.framework in Frameworks */ = {isa = PBXBuildFile; fileRef = B77F1B3317B978D7009739AE /* OpenGLES.framework */; };
		B77F1B3617B978D7009739AE /* OpenAL.framework in Frameworks */ = {isa = PBXBuildFile; fileRef = B77F1B3517B978D7009739AE /* OpenAL.framework */; };
		B77F1B3817B978D7009739AE /* AudioToolbox.framework in Frameworks */ = {isa = PBXBuildFile; fileRef = B77F1B3717B978D7009739AE /* AudioToolbox.framework */; };
		B77F1B3A17B978D7009739AE /* AVFoundation.framework in Frameworks */ = {isa = PBXBuildFile; fileRef = B77F1B3917B978D7009739AE /* AVFoundation.framework */; };
		B77F1B3C17B978D7009739AE /* UIKit.framework in Frameworks */ = {isa = PBXBuildFile; fileRef = B77F1B3B17B978D7009739AE /* UIKit.framework */; };
		B77F1B3E17B978D7009739AE /* Foundation.framework in Frameworks */ = {isa = PBXBuildFile; fileRef = B77F1B3D17B978D7009739AE /* Foundation.framework */; };
		B77F1B4017B978D7009739AE /* CoreGraphics.framework in Frameworks */ = {isa = PBXBuildFile; fileRef = B77F1B3F17B978D7009739AE /* CoreGraphics.framework */; };
		B77F1B4217B978D7009739AE /* CoreText.framework in Frameworks */ = {isa = PBXBuildFile; fileRef = B77F1B4117B978D7009739AE /* CoreText.framework */; };
/* End PBXBuildFile section */

/* Begin PBXContainerItemProxy section */
		B737894A180761A90076A88C /* PBXContainerItemProxy */ = {
			isa = PBXContainerItemProxy;
			containerPortal = B7378940180761A80076A88C /* cocos2d-ios.xcodeproj */;
			proxyType = 2;
			remoteGlobalIDString = 5018F24D0DFDEAC400C013A5;
			remoteInfo = cocos2d;
		};
		B7378988180764180076A88C /* PBXContainerItemProxy */ = {
			isa = PBXContainerItemProxy;
			containerPortal = B7378940180761A80076A88C /* cocos2d-ios.xcodeproj */;
			proxyType = 1;
			remoteGlobalIDString = 5018F24C0DFDEAC400C013A5;
			remoteInfo = cocos2d;
		};
/* End PBXContainerItemProxy section */

/* Begin PBXFileReference section */
		41809A8D197CCAE000323545 /* Recap.h */ = {isa = PBXFileReference; fileEncoding = 4; lastKnownFileType = sourcecode.c.h; name = Recap.h; path = Source/Recap.h; sourceTree = "<group>"; };
		41809A8E197CCAE000323545 /* Recap.m */ = {isa = PBXFileReference; fileEncoding = 4; lastKnownFileType = sourcecode.c.objc; name = Recap.m; path = Source/Recap.m; sourceTree = "<group>"; };
		41809AA2197D7BEE00323545 /* CoreMotion.framework */ = {isa = PBXFileReference; lastKnownFileType = wrapper.framework; name = CoreMotion.framework; path = System/Library/Frameworks/CoreMotion.framework; sourceTree = SDKROOT; };
		419EB28C19804A04001C9601 /* Accounts.framework */ = {isa = PBXFileReference; lastKnownFileType = wrapper.framework; name = Accounts.framework; path = System/Library/Frameworks/Accounts.framework; sourceTree = SDKROOT; };
		419EB28E19804A0C001C9601 /* AdSupport.framework */ = {isa = PBXFileReference; lastKnownFileType = wrapper.framework; name = AdSupport.framework; path = System/Library/Frameworks/AdSupport.framework; sourceTree = SDKROOT; };
		419EB29019804A13001C9601 /* CFNetwork.framework */ = {isa = PBXFileReference; lastKnownFileType = wrapper.framework; name = CFNetwork.framework; path = System/Library/Frameworks/CFNetwork.framework; sourceTree = SDKROOT; };
		419EB29219804A1A001C9601 /* CoreTelephony.framework */ = {isa = PBXFileReference; lastKnownFileType = wrapper.framework; name = CoreTelephony.framework; path = System/Library/Frameworks/CoreTelephony.framework; sourceTree = SDKROOT; };
		419EB29419804A2C001C9601 /* libicucore.dylib */ = {isa = PBXFileReference; lastKnownFileType = "compiled.mach-o.dylib"; name = libicucore.dylib; path = usr/lib/libicucore.dylib; sourceTree = SDKROOT; };
		419EB29619804A33001C9601 /* MessageUI.framework */ = {isa = PBXFileReference; lastKnownFileType = wrapper.framework; name = MessageUI.framework; path = System/Library/Frameworks/MessageUI.framework; sourceTree = SDKROOT; };
		419EB29819804A3A001C9601 /* Security.framework */ = {isa = PBXFileReference; lastKnownFileType = wrapper.framework; name = Security.framework; path = System/Library/Frameworks/Security.framework; sourceTree = SDKROOT; };
		419EB29A19804A52001C9601 /* Social.framework */ = {isa = PBXFileReference; lastKnownFileType = wrapper.framework; name = Social.framework; path = System/Library/Frameworks/Social.framework; sourceTree = SDKROOT; };
		419EB29C19804A5B001C9601 /* StoreKit.framework */ = {isa = PBXFileReference; lastKnownFileType = wrapper.framework; name = StoreKit.framework; path = System/Library/Frameworks/StoreKit.framework; sourceTree = SDKROOT; };
		419EB29E19804A64001C9601 /* SystemConfiguration.framework */ = {isa = PBXFileReference; lastKnownFileType = wrapper.framework; name = SystemConfiguration.framework; path = System/Library/Frameworks/SystemConfiguration.framework; sourceTree = SDKROOT; };
		419EB2A019804A6D001C9601 /* Twitter.framework */ = {isa = PBXFileReference; lastKnownFileType = wrapper.framework; name = Twitter.framework; path = System/Library/Frameworks/Twitter.framework; sourceTree = SDKROOT; };
		419EB2A319804B87001C9601 /* mgwuSDK.framework */ = {isa = PBXFileReference; lastKnownFileType = wrapper.framework; path = mgwuSDK.framework; sourceTree = "<group>"; };
		419EB2A519804B87001C9601 /* aqua.png */ = {isa = PBXFileReference; lastKnownFileType = image.png; path = aqua.png; sourceTree = "<group>"; };
		419EB2A619804B87001C9601 /* bluechatbubble.png */ = {isa = PBXFileReference; lastKnownFileType = image.png; path = bluechatbubble.png; sourceTree = "<group>"; };
		419EB2A719804B87001C9601 /* CrossPromoViewController.nib */ = {isa = PBXFileReference; lastKnownFileType = file.bplist; path = CrossPromoViewController.nib; sourceTree = "<group>"; };
		419EB2A819804B87001C9601 /* FacebookIcon.png */ = {isa = PBXFileReference; lastKnownFileType = image.png; path = FacebookIcon.png; sourceTree = "<group>"; };
		419EB2A919804B87001C9601 /* FacebookSDKResources.bundle */ = {isa = PBXFileReference; lastKnownFileType = "wrapper.plug-in"; path = FacebookSDKResources.bundle; sourceTree = "<group>"; };
		419EB2AA19804B87001C9601 /* fb_connect.png */ = {isa = PBXFileReference; lastKnownFileType = image.png; path = fb_connect.png; sourceTree = "<group>"; };
		419EB2AB19804B87001C9601 /* FBLoginButton.png */ = {isa = PBXFileReference; lastKnownFileType = image.png; path = FBLoginButton.png; sourceTree = "<group>"; };
		419EB2AC19804B87001C9601 /* FBLoginButton@2x.png */ = {isa = PBXFileReference; lastKnownFileType = image.png; path = "FBLoginButton@2x.png"; sourceTree = "<group>"; };
		419EB2AD19804B87001C9601 /* FBLoginButtonPressed.png */ = {isa = PBXFileReference; lastKnownFileType = image.png; path = FBLoginButtonPressed.png; sourceTree = "<group>"; };
		419EB2AE19804B87001C9601 /* FBLoginButtonPressed@2x.png */ = {isa = PBXFileReference; lastKnownFileType = image.png; path = "FBLoginButtonPressed@2x.png"; sourceTree = "<group>"; };
		419EB2AF19804B87001C9601 /* FBNoThanksButton.png */ = {isa = PBXFileReference; lastKnownFileType = image.png; path = FBNoThanksButton.png; sourceTree = "<group>"; };
		419EB2B019804B87001C9601 /* FBNoThanksButton@2x.png */ = {isa = PBXFileReference; lastKnownFileType = image.png; path = "FBNoThanksButton@2x.png"; sourceTree = "<group>"; };
		419EB2B119804B87001C9601 /* FBNoThanksButtonPressed.png */ = {isa = PBXFileReference; lastKnownFileType = image.png; path = FBNoThanksButtonPressed.png; sourceTree = "<group>"; };
		419EB2B219804B87001C9601 /* FBNoThanksButtonPressed@2x.png */ = {isa = PBXFileReference; lastKnownFileType = image.png; path = "FBNoThanksButtonPressed@2x.png"; sourceTree = "<group>"; };
		419EB2B319804B87001C9601 /* green.png */ = {isa = PBXFileReference; lastKnownFileType = image.png; path = green.png; sourceTree = "<group>"; };
		419EB2B419804B87001C9601 /* grey-background.png */ = {isa = PBXFileReference; lastKnownFileType = image.png; path = "grey-background.png"; sourceTree = "<group>"; };
		419EB2B519804B87001C9601 /* hipmob.back.btn.png */ = {isa = PBXFileReference; lastKnownFileType = image.png; path = hipmob.back.btn.png; sourceTree = "<group>"; };
		419EB2B619804B87001C9601 /* hipmob.send.png */ = {isa = PBXFileReference; lastKnownFileType = image.png; path = hipmob.send.png; sourceTree = "<group>"; };
		419EB2B719804B87001C9601 /* hipmobsend_field.png */ = {isa = PBXFileReference; lastKnownFileType = image.png; path = hipmobsend_field.png; sourceTree = "<group>"; };
		419EB2B819804B87001C9601 /* hipmobsend_field@2x.png */ = {isa = PBXFileReference; lastKnownFileType = image.png; path = "hipmobsend_field@2x.png"; sourceTree = "<group>"; };
		419EB2B919804B87001C9601 /* mgwu-gk-notification.png */ = {isa = PBXFileReference; lastKnownFileType = image.png; path = "mgwu-gk-notification.png"; sourceTree = "<group>"; };
		419EB2BA19804B87001C9601 /* mgwu-gk-notification@2x.png */ = {isa = PBXFileReference; lastKnownFileType = image.png; path = "mgwu-gk-notification@2x.png"; sourceTree = "<group>"; };
		419EB2BB19804B87001C9601 /* mgwu-m.png */ = {isa = PBXFileReference; lastKnownFileType = image.png; path = "mgwu-m.png"; sourceTree = "<group>"; };
		419EB2BC19804B87001C9601 /* mgwu-m@2x.png */ = {isa = PBXFileReference; lastKnownFileType = image.png; path = "mgwu-m@2x.png"; sourceTree = "<group>"; };
		419EB2BD19804B87001C9601 /* MGWUAboutFooter-Landscape-568h@2x~iphone.png */ = {isa = PBXFileReference; lastKnownFileType = image.png; path = "MGWUAboutFooter-Landscape-568h@2x~iphone.png"; sourceTree = "<group>"; };
		419EB2BE19804B87001C9601 /* MGWUAboutFooter-Landscape@2x~ipad.png */ = {isa = PBXFileReference; lastKnownFileType = image.png; path = "MGWUAboutFooter-Landscape@2x~ipad.png"; sourceTree = "<group>"; };
		419EB2BF19804B87001C9601 /* MGWUAboutFooter-Landscape@2x~iphone.png */ = {isa = PBXFileReference; lastKnownFileType = image.png; path = "MGWUAboutFooter-Landscape@2x~iphone.png"; sourceTree = "<group>"; };
		419EB2C019804B87001C9601 /* MGWUAboutFooter-Landscape~ipad.png */ = {isa = PBXFileReference; lastKnownFileType = image.png; path = "MGWUAboutFooter-Landscape~ipad.png"; sourceTree = "<group>"; };
		419EB2C119804B87001C9601 /* MGWUAboutFooter-Landscape~iphone.png */ = {isa = PBXFileReference; lastKnownFileType = image.png; path = "MGWUAboutFooter-Landscape~iphone.png"; sourceTree = "<group>"; };
		419EB2C219804B87001C9601 /* MGWUAboutFooter-Portrait@2x~ipad.png */ = {isa = PBXFileReference; lastKnownFileType = image.png; path = "MGWUAboutFooter-Portrait@2x~ipad.png"; sourceTree = "<group>"; };
		419EB2C319804B87001C9601 /* MGWUAboutFooter-Portrait@2x~iphone.png */ = {isa = PBXFileReference; lastKnownFileType = image.png; path = "MGWUAboutFooter-Portrait@2x~iphone.png"; sourceTree = "<group>"; };
		419EB2C419804B87001C9601 /* MGWUAboutFooter-Portrait~ipad.png */ = {isa = PBXFileReference; lastKnownFileType = image.png; path = "MGWUAboutFooter-Portrait~ipad.png"; sourceTree = "<group>"; };
		419EB2C519804B87001C9601 /* MGWUAboutFooter-Portrait~iphone.png */ = {isa = PBXFileReference; lastKnownFileType = image.png; path = "MGWUAboutFooter-Portrait~iphone.png"; sourceTree = "<group>"; };
		419EB2C619804B87001C9601 /* MGWUBackground-Landscape@2x~ipad.png */ = {isa = PBXFileReference; lastKnownFileType = image.png; path = "MGWUBackground-Landscape@2x~ipad.png"; sourceTree = "<group>"; };
		419EB2C719804B87001C9601 /* MGWUBackground-Landscape@2x~iphone.png */ = {isa = PBXFileReference; lastKnownFileType = image.png; path = "MGWUBackground-Landscape@2x~iphone.png"; sourceTree = "<group>"; };
		419EB2C819804B87001C9601 /* MGWUBackground-Landscape~ipad.png */ = {isa = PBXFileReference; lastKnownFileType = image.png; path = "MGWUBackground-Landscape~ipad.png"; sourceTree = "<group>"; };
		419EB2C919804B87001C9601 /* MGWUBackground-Landscape~iphone.png */ = {isa = PBXFileReference; lastKnownFileType = image.png; path = "MGWUBackground-Landscape~iphone.png"; sourceTree = "<group>"; };
		419EB2CA19804B87001C9601 /* MGWUBackground-Portrait@2x~ipad.png */ = {isa = PBXFileReference; lastKnownFileType = image.png; path = "MGWUBackground-Portrait@2x~ipad.png"; sourceTree = "<group>"; };
		419EB2CB19804B87001C9601 /* MGWUBackground-Portrait@2x~iphone.png */ = {isa = PBXFileReference; lastKnownFileType = image.png; path = "MGWUBackground-Portrait@2x~iphone.png"; sourceTree = "<group>"; };
		419EB2CC19804B87001C9601 /* MGWUBackground-Portrait~ipad.png */ = {isa = PBXFileReference; lastKnownFileType = image.png; path = "MGWUBackground-Portrait~ipad.png"; sourceTree = "<group>"; };
		419EB2CD19804B87001C9601 /* MGWUBackground-Portrait~iphone.png */ = {isa = PBXFileReference; lastKnownFileType = image.png; path = "MGWUBackground-Portrait~iphone.png"; sourceTree = "<group>"; };
		419EB2CE19804B87001C9601 /* MGWUBackgroundDark-Landscape@2x~ipad.png */ = {isa = PBXFileReference; lastKnownFileType = image.png; path = "MGWUBackgroundDark-Landscape@2x~ipad.png"; sourceTree = "<group>"; };
		419EB2CF19804B87001C9601 /* MGWUBackgroundDark-Landscape@2x~iphone.png */ = {isa = PBXFileReference; lastKnownFileType = image.png; path = "MGWUBackgroundDark-Landscape@2x~iphone.png"; sourceTree = "<group>"; };
		419EB2D019804B87001C9601 /* MGWUBackgroundDark-Landscape~ipad.png */ = {isa = PBXFileReference; lastKnownFileType = image.png; path = "MGWUBackgroundDark-Landscape~ipad.png"; sourceTree = "<group>"; };
		419EB2D119804B87001C9601 /* MGWUBackgroundDark-Landscape~iphone.png */ = {isa = PBXFileReference; lastKnownFileType = image.png; path = "MGWUBackgroundDark-Landscape~iphone.png"; sourceTree = "<group>"; };
		419EB2D219804B87001C9601 /* MGWUBackgroundDark-Portrait@2x~ipad.png */ = {isa = PBXFileReference; lastKnownFileType = image.png; path = "MGWUBackgroundDark-Portrait@2x~ipad.png"; sourceTree = "<group>"; };
		419EB2D319804B87001C9601 /* MGWUBackgroundDark-Portrait@2x~iphone.png */ = {isa = PBXFileReference; lastKnownFileType = image.png; path = "MGWUBackgroundDark-Portrait@2x~iphone.png"; sourceTree = "<group>"; };
		419EB2D419804B87001C9601 /* MGWUBackgroundDark-Portrait~ipad.png */ = {isa = PBXFileReference; lastKnownFileType = image.png; path = "MGWUBackgroundDark-Portrait~ipad.png"; sourceTree = "<group>"; };
		419EB2D519804B87001C9601 /* MGWUBackgroundDark-Portrait~iphone.png */ = {isa = PBXFileReference; lastKnownFileType = image.png; path = "MGWUBackgroundDark-Portrait~iphone.png"; sourceTree = "<group>"; };
		419EB2D619804B87001C9601 /* MGWUClose.png */ = {isa = PBXFileReference; lastKnownFileType = image.png; path = MGWUClose.png; sourceTree = "<group>"; };
		419EB2D719804B87001C9601 /* MGWUClose@2x.png */ = {isa = PBXFileReference; lastKnownFileType = image.png; path = "MGWUClose@2x.png"; sourceTree = "<group>"; };
		419EB2D819804B87001C9601 /* MGWUFacebookLoginLandscape.nib */ = {isa = PBXFileReference; lastKnownFileType = file.bplist; path = MGWUFacebookLoginLandscape.nib; sourceTree = "<group>"; };
		419EB2D919804B87001C9601 /* MGWUFacebookLoginLandscapeDark.nib */ = {isa = PBXFileReference; lastKnownFileType = file.bplist; path = MGWUFacebookLoginLandscapeDark.nib; sourceTree = "<group>"; };
		419EB2DA19804B87001C9601 /* MGWUFacebookLoginPortrait.nib */ = {isa = PBXFileReference; lastKnownFileType = file.bplist; path = MGWUFacebookLoginPortrait.nib; sourceTree = "<group>"; };
		419EB2DB19804B87001C9601 /* MGWUFacebookLoginPortraitDark.nib */ = {isa = PBXFileReference; lastKnownFileType = file.bplist; path = MGWUFacebookLoginPortraitDark.nib; sourceTree = "<group>"; };
		419EB2DC19804B87001C9601 /* mgwuLogo.png */ = {isa = PBXFileReference; lastKnownFileType = image.png; path = mgwuLogo.png; sourceTree = "<group>"; };
		419EB2DD19804B87001C9601 /* mgwuLogo@2x.png */ = {isa = PBXFileReference; lastKnownFileType = image.png; path = "mgwuLogo@2x.png"; sourceTree = "<group>"; };
		419EB2DE19804B87001C9601 /* mgwuLogoDark.png */ = {isa = PBXFileReference; lastKnownFileType = image.png; path = mgwuLogoDark.png; sourceTree = "<group>"; };
		419EB2DF19804B87001C9601 /* mgwuLogoDark@2x.png */ = {isa = PBXFileReference; lastKnownFileType = image.png; path = "mgwuLogoDark@2x.png"; sourceTree = "<group>"; };
		419EB2E019804B87001C9601 /* mgwuPlaceholderIcon.png */ = {isa = PBXFileReference; lastKnownFileType = image.png; path = mgwuPlaceholderIcon.png; sourceTree = "<group>"; };
		419EB2E119804B87001C9601 /* mgwuPlaceholderIcon@2x.png */ = {isa = PBXFileReference; lastKnownFileType = image.png; path = "mgwuPlaceholderIcon@2x.png"; sourceTree = "<group>"; };
		419EB2E219804B87001C9601 /* mgwuPlaceholderIconDark.png */ = {isa = PBXFileReference; lastKnownFileType = image.png; path = mgwuPlaceholderIconDark.png; sourceTree = "<group>"; };
		419EB2E319804B87001C9601 /* mgwuPlaceholderIconDark@2x.png */ = {isa = PBXFileReference; lastKnownFileType = image.png; path = "mgwuPlaceholderIconDark@2x.png"; sourceTree = "<group>"; };
		419EB2E419804B87001C9601 /* operator.available.png */ = {isa = PBXFileReference; lastKnownFileType = image.png; path = operator.available.png; sourceTree = "<group>"; };
		419EB2E519804B87001C9601 /* operator.connecting.png */ = {isa = PBXFileReference; lastKnownFileType = image.png; path = operator.connecting.png; sourceTree = "<group>"; };
		419EB2E619804B87001C9601 /* operator.unavailable.png */ = {isa = PBXFileReference; lastKnownFileType = image.png; path = operator.unavailable.png; sourceTree = "<group>"; };
		419EB2E719804B87001C9601 /* send-button-active.png */ = {isa = PBXFileReference; lastKnownFileType = image.png; path = "send-button-active.png"; sourceTree = "<group>"; };
		419EB2E819804B87001C9601 /* send-button-inactive.png */ = {isa = PBXFileReference; lastKnownFileType = image.png; path = "send-button-inactive.png"; sourceTree = "<group>"; };
		419EB2E919804B87001C9601 /* send-button-instate.png */ = {isa = PBXFileReference; lastKnownFileType = image.png; path = "send-button-instate.png"; sourceTree = "<group>"; };
		419EB2EA19804B87001C9601 /* send-field-landscape.png */ = {isa = PBXFileReference; lastKnownFileType = image.png; path = "send-field-landscape.png"; sourceTree = "<group>"; };
		419EB3381981466D001C9601 /* Images.xcassets */ = {isa = PBXFileReference; lastKnownFileType = folder.assetcatalog; name = Images.xcassets; path = TiltAndShoot/Images.xcassets; sourceTree = SOURCE_ROOT; };
		419EB33C1981495E001C9601 /* iPad-old.png */ = {isa = PBXFileReference; lastKnownFileType = image.png; path = "iPad-old.png"; sourceTree = "<group>"; };
		419EB33D1981495E001C9601 /* iPad-old@2x.png */ = {isa = PBXFileReference; lastKnownFileType = image.png; path = "iPad-old@2x.png"; sourceTree = "<group>"; };
		419EB33E1981495E001C9601 /* iPad.png */ = {isa = PBXFileReference; lastKnownFileType = image.png; path = iPad.png; sourceTree = "<group>"; };
		419EB33F1981495E001C9601 /* iPad@2x.png */ = {isa = PBXFileReference; lastKnownFileType = image.png; path = "iPad@2x.png"; sourceTree = "<group>"; };
		419EB3401981495E001C9601 /* iPhone-old.png */ = {isa = PBXFileReference; lastKnownFileType = image.png; path = "iPhone-old.png"; sourceTree = "<group>"; };
		419EB3411981495E001C9601 /* iPhone-old@2x.png */ = {isa = PBXFileReference; lastKnownFileType = image.png; path = "iPhone-old@2x.png"; sourceTree = "<group>"; };
		419EB3421981495E001C9601 /* iPhone.png */ = {isa = PBXFileReference; lastKnownFileType = image.png; path = iPhone.png; sourceTree = "<group>"; };
		419EB3431981495E001C9601 /* iPhone@2x.png */ = {isa = PBXFileReference; lastKnownFileType = image.png; path = "iPhone@2x.png"; sourceTree = "<group>"; };
		419EB3441981495E001C9601 /* Settings.png */ = {isa = PBXFileReference; lastKnownFileType = image.png; path = Settings.png; sourceTree = "<group>"; };
		419EB3451981495E001C9601 /* Settings@2x.png */ = {isa = PBXFileReference; lastKnownFileType = image.png; path = "Settings@2x.png"; sourceTree = "<group>"; };
		419EB35019814C9F001C9601 /* iphone_spotlight_1.png */ = {isa = PBXFileReference; lastKnownFileType = image.png; path = iphone_spotlight_1.png; sourceTree = "<group>"; };
		8392007918EE8E3300B6C429 /* GLKit.framework */ = {isa = PBXFileReference; lastKnownFileType = wrapper.framework; name = GLKit.framework; path = System/Library/Frameworks/GLKit.framework; sourceTree = SDKROOT; };
		B737893A180761570076A88C /* Published-iOS */ = {isa = PBXFileReference; lastKnownFileType = folder; name = "Published-iOS"; path = "Source/Resources/Published-iOS"; sourceTree = SOURCE_ROOT; };
		B737893D1807617C0076A88C /* AppDelegate.h */ = {isa = PBXFileReference; fileEncoding = 4; lastKnownFileType = sourcecode.c.h; name = AppDelegate.h; path = Source/AppDelegate.h; sourceTree = "<group>"; };
		B737893E1807617C0076A88C /* AppDelegate.m */ = {isa = PBXFileReference; fileEncoding = 4; lastKnownFileType = sourcecode.c.objc; name = AppDelegate.m; path = Source/AppDelegate.m; sourceTree = "<group>"; };
		B7378940180761A80076A88C /* cocos2d-ios.xcodeproj */ = {isa = PBXFileReference; lastKnownFileType = "wrapper.pb-project"; name = "cocos2d-ios.xcodeproj"; path = "Source/libs/cocos2d-iphone/cocos2d-ios.xcodeproj"; sourceTree = SOURCE_ROOT; };
		B73789851807631A0076A88C /* main.m */ = {isa = PBXFileReference; fileEncoding = 4; lastKnownFileType = sourcecode.c.objc; name = main.m; path = Source/main.m; sourceTree = SOURCE_ROOT; };
		B73789861807631A0076A88C /* Prefix.pch */ = {isa = PBXFileReference; fileEncoding = 4; lastKnownFileType = sourcecode.c.h; name = Prefix.pch; path = Source/Prefix.pch; sourceTree = SOURCE_ROOT; };
		B7378992180767190076A88C /* MainScene.h */ = {isa = PBXFileReference; fileEncoding = 4; lastKnownFileType = sourcecode.c.h; name = MainScene.h; path = Source/MainScene.h; sourceTree = "<group>"; };
		B7378993180767190076A88C /* MainScene.m */ = {isa = PBXFileReference; fileEncoding = 4; lastKnownFileType = sourcecode.c.objc; name = MainScene.m; path = Source/MainScene.m; sourceTree = "<group>"; };
		B77F1B2E17B978D7009739AE /* TiltAndShoot.app */ = {isa = PBXFileReference; explicitFileType = wrapper.application; includeInIndex = 0; path = TiltAndShoot.app; sourceTree = BUILT_PRODUCTS_DIR; };
		B77F1B3117B978D7009739AE /* QuartzCore.framework */ = {isa = PBXFileReference; lastKnownFileType = wrapper.framework; name = QuartzCore.framework; path = System/Library/Frameworks/QuartzCore.framework; sourceTree = SDKROOT; };
		B77F1B3317B978D7009739AE /* OpenGLES.framework */ = {isa = PBXFileReference; lastKnownFileType = wrapper.framework; name = OpenGLES.framework; path = System/Library/Frameworks/OpenGLES.framework; sourceTree = SDKROOT; };
		B77F1B3517B978D7009739AE /* OpenAL.framework */ = {isa = PBXFileReference; lastKnownFileType = wrapper.framework; name = OpenAL.framework; path = System/Library/Frameworks/OpenAL.framework; sourceTree = SDKROOT; };
		B77F1B3717B978D7009739AE /* AudioToolbox.framework */ = {isa = PBXFileReference; lastKnownFileType = wrapper.framework; name = AudioToolbox.framework; path = System/Library/Frameworks/AudioToolbox.framework; sourceTree = SDKROOT; };
		B77F1B3917B978D7009739AE /* AVFoundation.framework */ = {isa = PBXFileReference; lastKnownFileType = wrapper.framework; name = AVFoundation.framework; path = System/Library/Frameworks/AVFoundation.framework; sourceTree = SDKROOT; };
		B77F1B3B17B978D7009739AE /* UIKit.framework */ = {isa = PBXFileReference; lastKnownFileType = wrapper.framework; name = UIKit.framework; path = System/Library/Frameworks/UIKit.framework; sourceTree = SDKROOT; };
		B77F1B3D17B978D7009739AE /* Foundation.framework */ = {isa = PBXFileReference; lastKnownFileType = wrapper.framework; name = Foundation.framework; path = System/Library/Frameworks/Foundation.framework; sourceTree = SDKROOT; };
		B77F1B3F17B978D7009739AE /* CoreGraphics.framework */ = {isa = PBXFileReference; lastKnownFileType = wrapper.framework; name = CoreGraphics.framework; path = System/Library/Frameworks/CoreGraphics.framework; sourceTree = SDKROOT; };
		B77F1B4117B978D7009739AE /* CoreText.framework */ = {isa = PBXFileReference; lastKnownFileType = wrapper.framework; name = CoreText.framework; path = System/Library/Frameworks/CoreText.framework; sourceTree = SDKROOT; };
/* End PBXFileReference section */

/* Begin PBXFrameworksBuildPhase section */
		B77F1B2B17B978D7009739AE /* Frameworks */ = {
			isa = PBXFrameworksBuildPhase;
			buildActionMask = 2147483647;
			files = (
				419EB2A119804A6D001C9601 /* Twitter.framework in Frameworks */,
				419EB29F19804A64001C9601 /* SystemConfiguration.framework in Frameworks */,
				419EB29D19804A5B001C9601 /* StoreKit.framework in Frameworks */,
				419EB29B19804A52001C9601 /* Social.framework in Frameworks */,
				419EB29919804A3A001C9601 /* Security.framework in Frameworks */,
				419EB29719804A33001C9601 /* MessageUI.framework in Frameworks */,
				419EB29519804A2C001C9601 /* libicucore.dylib in Frameworks */,
				419EB29319804A1A001C9601 /* CoreTelephony.framework in Frameworks */,
				419EB29119804A13001C9601 /* CFNetwork.framework in Frameworks */,
				419EB28F19804A0C001C9601 /* AdSupport.framework in Frameworks */,
				419EB28D19804A04001C9601 /* Accounts.framework in Frameworks */,
				41809AA3197D7BEE00323545 /* CoreMotion.framework in Frameworks */,
				8392007A18EE8E3300B6C429 /* GLKit.framework in Frameworks */,
				B737898A1807642B0076A88C /* libcocos2d.a in Frameworks */,
				B77F1B3217B978D7009739AE /* QuartzCore.framework in Frameworks */,
				B77F1B3417B978D7009739AE /* OpenGLES.framework in Frameworks */,
				B77F1B3617B978D7009739AE /* OpenAL.framework in Frameworks */,
				B77F1B3817B978D7009739AE /* AudioToolbox.framework in Frameworks */,
				B77F1B3A17B978D7009739AE /* AVFoundation.framework in Frameworks */,
				B77F1B3C17B978D7009739AE /* UIKit.framework in Frameworks */,
				B77F1B3E17B978D7009739AE /* Foundation.framework in Frameworks */,
				B77F1B4017B978D7009739AE /* CoreGraphics.framework in Frameworks */,
				B77F1B4217B978D7009739AE /* CoreText.framework in Frameworks */,
				419EB2EB19804B87001C9601 /* mgwuSDK.framework in Frameworks */,
			);
			runOnlyForDeploymentPostprocessing = 0;
		};
/* End PBXFrameworksBuildPhase section */

/* Begin PBXGroup section */
		419EB2A219804B87001C9601 /* mgwuSDK.embeddedframework */ = {
			isa = PBXGroup;
			children = (
				419EB2A319804B87001C9601 /* mgwuSDK.framework */,
				419EB2A419804B87001C9601 /* Resources */,
			);
			path = mgwuSDK.embeddedframework;
			sourceTree = "<group>";
		};
		419EB2A419804B87001C9601 /* Resources */ = {
			isa = PBXGroup;
			children = (
				419EB2A519804B87001C9601 /* aqua.png */,
				419EB2A619804B87001C9601 /* bluechatbubble.png */,
				419EB2A719804B87001C9601 /* CrossPromoViewController.nib */,
				419EB2A819804B87001C9601 /* FacebookIcon.png */,
				419EB2A919804B87001C9601 /* FacebookSDKResources.bundle */,
				419EB2AA19804B87001C9601 /* fb_connect.png */,
				419EB2AB19804B87001C9601 /* FBLoginButton.png */,
				419EB2AC19804B87001C9601 /* FBLoginButton@2x.png */,
				419EB2AD19804B87001C9601 /* FBLoginButtonPressed.png */,
				419EB2AE19804B87001C9601 /* FBLoginButtonPressed@2x.png */,
				419EB2AF19804B87001C9601 /* FBNoThanksButton.png */,
				419EB2B019804B87001C9601 /* FBNoThanksButton@2x.png */,
				419EB2B119804B87001C9601 /* FBNoThanksButtonPressed.png */,
				419EB2B219804B87001C9601 /* FBNoThanksButtonPressed@2x.png */,
				419EB2B319804B87001C9601 /* green.png */,
				419EB2B419804B87001C9601 /* grey-background.png */,
				419EB2B519804B87001C9601 /* hipmob.back.btn.png */,
				419EB2B619804B87001C9601 /* hipmob.send.png */,
				419EB2B719804B87001C9601 /* hipmobsend_field.png */,
				419EB2B819804B87001C9601 /* hipmobsend_field@2x.png */,
				419EB2B919804B87001C9601 /* mgwu-gk-notification.png */,
				419EB2BA19804B87001C9601 /* mgwu-gk-notification@2x.png */,
				419EB2BB19804B87001C9601 /* mgwu-m.png */,
				419EB2BC19804B87001C9601 /* mgwu-m@2x.png */,
				419EB2BD19804B87001C9601 /* MGWUAboutFooter-Landscape-568h@2x~iphone.png */,
				419EB2BE19804B87001C9601 /* MGWUAboutFooter-Landscape@2x~ipad.png */,
				419EB2BF19804B87001C9601 /* MGWUAboutFooter-Landscape@2x~iphone.png */,
				419EB2C019804B87001C9601 /* MGWUAboutFooter-Landscape~ipad.png */,
				419EB2C119804B87001C9601 /* MGWUAboutFooter-Landscape~iphone.png */,
				419EB2C219804B87001C9601 /* MGWUAboutFooter-Portrait@2x~ipad.png */,
				419EB2C319804B87001C9601 /* MGWUAboutFooter-Portrait@2x~iphone.png */,
				419EB2C419804B87001C9601 /* MGWUAboutFooter-Portrait~ipad.png */,
				419EB2C519804B87001C9601 /* MGWUAboutFooter-Portrait~iphone.png */,
				419EB2C619804B87001C9601 /* MGWUBackground-Landscape@2x~ipad.png */,
				419EB2C719804B87001C9601 /* MGWUBackground-Landscape@2x~iphone.png */,
				419EB2C819804B87001C9601 /* MGWUBackground-Landscape~ipad.png */,
				419EB2C919804B87001C9601 /* MGWUBackground-Landscape~iphone.png */,
				419EB2CA19804B87001C9601 /* MGWUBackground-Portrait@2x~ipad.png */,
				419EB2CB19804B87001C9601 /* MGWUBackground-Portrait@2x~iphone.png */,
				419EB2CC19804B87001C9601 /* MGWUBackground-Portrait~ipad.png */,
				419EB2CD19804B87001C9601 /* MGWUBackground-Portrait~iphone.png */,
				419EB2CE19804B87001C9601 /* MGWUBackgroundDark-Landscape@2x~ipad.png */,
				419EB2CF19804B87001C9601 /* MGWUBackgroundDark-Landscape@2x~iphone.png */,
				419EB2D019804B87001C9601 /* MGWUBackgroundDark-Landscape~ipad.png */,
				419EB2D119804B87001C9601 /* MGWUBackgroundDark-Landscape~iphone.png */,
				419EB2D219804B87001C9601 /* MGWUBackgroundDark-Portrait@2x~ipad.png */,
				419EB2D319804B87001C9601 /* MGWUBackgroundDark-Portrait@2x~iphone.png */,
				419EB2D419804B87001C9601 /* MGWUBackgroundDark-Portrait~ipad.png */,
				419EB2D519804B87001C9601 /* MGWUBackgroundDark-Portrait~iphone.png */,
				419EB2D619804B87001C9601 /* MGWUClose.png */,
				419EB2D719804B87001C9601 /* MGWUClose@2x.png */,
				419EB2D819804B87001C9601 /* MGWUFacebookLoginLandscape.nib */,
				419EB2D919804B87001C9601 /* MGWUFacebookLoginLandscapeDark.nib */,
				419EB2DA19804B87001C9601 /* MGWUFacebookLoginPortrait.nib */,
				419EB2DB19804B87001C9601 /* MGWUFacebookLoginPortraitDark.nib */,
				419EB2DC19804B87001C9601 /* mgwuLogo.png */,
				419EB2DD19804B87001C9601 /* mgwuLogo@2x.png */,
				419EB2DE19804B87001C9601 /* mgwuLogoDark.png */,
				419EB2DF19804B87001C9601 /* mgwuLogoDark@2x.png */,
				419EB2E019804B87001C9601 /* mgwuPlaceholderIcon.png */,
				419EB2E119804B87001C9601 /* mgwuPlaceholderIcon@2x.png */,
				419EB2E219804B87001C9601 /* mgwuPlaceholderIconDark.png */,
				419EB2E319804B87001C9601 /* mgwuPlaceholderIconDark@2x.png */,
				419EB2E419804B87001C9601 /* operator.available.png */,
				419EB2E519804B87001C9601 /* operator.connecting.png */,
				419EB2E619804B87001C9601 /* operator.unavailable.png */,
				419EB2E719804B87001C9601 /* send-button-active.png */,
				419EB2E819804B87001C9601 /* send-button-inactive.png */,
				419EB2E919804B87001C9601 /* send-button-instate.png */,
				419EB2EA19804B87001C9601 /* send-field-landscape.png */,
			);
			path = Resources;
			sourceTree = "<group>";
		};
		419EB33B1981495E001C9601 /* Icons */ = {
			isa = PBXGroup;
			children = (
				419EB33C1981495E001C9601 /* iPad-old.png */,
				419EB35019814C9F001C9601 /* iphone_spotlight_1.png */,
				419EB33D1981495E001C9601 /* iPad-old@2x.png */,
				419EB33E1981495E001C9601 /* iPad.png */,
				419EB33F1981495E001C9601 /* iPad@2x.png */,
				419EB3401981495E001C9601 /* iPhone-old.png */,
				419EB3411981495E001C9601 /* iPhone-old@2x.png */,
				419EB3421981495E001C9601 /* iPhone.png */,
				419EB3431981495E001C9601 /* iPhone@2x.png */,
				419EB3441981495E001C9601 /* Settings.png */,
				419EB3451981495E001C9601 /* Settings@2x.png */,
			);
			path = Icons;
			sourceTree = "<group>";
		};
		9222E2B918734FF800A246C7 /* libs */ = {
			isa = PBXGroup;
			children = (
				B7378940180761A80076A88C /* cocos2d-ios.xcodeproj */,
			);
			name = libs;
			sourceTree = "<group>";
		};
		B737893C1807616C0076A88C /* Source */ = {
			isa = PBXGroup;
			children = (
				B737893D1807617C0076A88C /* AppDelegate.h */,
				B737893E1807617C0076A88C /* AppDelegate.m */,
				B7378992180767190076A88C /* MainScene.h */,
				B7378993180767190076A88C /* MainScene.m */,
				41809A8D197CCAE000323545 /* Recap.h */,
				41809A8E197CCAE000323545 /* Recap.m */,
			);
			name = Source;
			sourceTree = "<group>";
		};
		B7378941180761A80076A88C /* Products */ = {
			isa = PBXGroup;
			children = (
				B737894B180761A90076A88C /* libcocos2d.a */,
			);
			name = Products;
			sourceTree = "<group>";
		};
		B77F1B2517B978D7009739AE = {
			isa = PBXGroup;
			children = (
				B737893C1807616C0076A88C /* Source */,
				B77F1B4617B978D7009739AE /* Resources */,
				9222E2B918734FF800A246C7 /* libs */,
				B77F1CCF17B978D8009739AE /* Supporting Files */,
				B77F1B3017B978D7009739AE /* Frameworks */,
				B77F1B2F17B978D7009739AE /* Products */,
			);
			sourceTree = "<group>";
		};
		B77F1B2F17B978D7009739AE /* Products */ = {
			isa = PBXGroup;
			children = (
				B77F1B2E17B978D7009739AE /* TiltAndShoot.app */,
			);
			name = Products;
			sourceTree = "<group>";
		};
		B77F1B3017B978D7009739AE /* Frameworks */ = {
			isa = PBXGroup;
			children = (
				419EB2A219804B87001C9601 /* mgwuSDK.embeddedframework */,
				419EB2A019804A6D001C9601 /* Twitter.framework */,
				419EB29E19804A64001C9601 /* SystemConfiguration.framework */,
				419EB29C19804A5B001C9601 /* StoreKit.framework */,
				419EB29A19804A52001C9601 /* Social.framework */,
				419EB29819804A3A001C9601 /* Security.framework */,
				419EB29619804A33001C9601 /* MessageUI.framework */,
				419EB29419804A2C001C9601 /* libicucore.dylib */,
				419EB29219804A1A001C9601 /* CoreTelephony.framework */,
				419EB29019804A13001C9601 /* CFNetwork.framework */,
				419EB28E19804A0C001C9601 /* AdSupport.framework */,
				419EB28C19804A04001C9601 /* Accounts.framework */,
				41809AA2197D7BEE00323545 /* CoreMotion.framework */,
				8392007918EE8E3300B6C429 /* GLKit.framework */,
				B77F1B3117B978D7009739AE /* QuartzCore.framework */,
				B77F1B3317B978D7009739AE /* OpenGLES.framework */,
				B77F1B3517B978D7009739AE /* OpenAL.framework */,
				B77F1B3717B978D7009739AE /* AudioToolbox.framework */,
				B77F1B3917B978D7009739AE /* AVFoundation.framework */,
				B77F1B3B17B978D7009739AE /* UIKit.framework */,
				B77F1B3D17B978D7009739AE /* Foundation.framework */,
				B77F1B3F17B978D7009739AE /* CoreGraphics.framework */,
				B77F1B4117B978D7009739AE /* CoreText.framework */,
			);
			name = Frameworks;
			sourceTree = "<group>";
		};
		B77F1B4617B978D7009739AE /* Resources */ = {
			isa = PBXGroup;
			children = (
				419EB3381981466D001C9601 /* Images.xcassets */,
				419EB33B1981495E001C9601 /* Icons */,
				B737893A180761570076A88C /* Published-iOS */,
			);
			name = Resources;
			path = Source/Resources;
			sourceTree = "<group>";
		};
		B77F1CCF17B978D8009739AE /* Supporting Files */ = {
			isa = PBXGroup;
			children = (
				B73789851807631A0076A88C /* main.m */,
				B73789861807631A0076A88C /* Prefix.pch */,
			);
			name = "Supporting Files";
			sourceTree = "<group>";
		};
/* End PBXGroup section */

/* Begin PBXNativeTarget section */
		B77F1B2D17B978D7009739AE /* TiltAndShoot */ = {
			isa = PBXNativeTarget;
			buildConfigurationList = B77F1CDE17B978D8009739AE /* Build configuration list for PBXNativeTarget "TiltAndShoot" */;
			buildPhases = (
				D2E0167A18D782EC00927430 /* Run Script */,
				B77F1B2A17B978D7009739AE /* Sources */,
				B77F1B2B17B978D7009739AE /* Frameworks */,
				B77F1B2C17B978D7009739AE /* Resources */,
				548D314B19806D2400A6F009 /* ShellScript */,
				419EB35619815634001C9601 /* ShellScript */,
			);
			buildRules = (
			);
			dependencies = (
				B7378989180764180076A88C /* PBXTargetDependency */,
			);
			name = TiltAndShoot;
			productName = Example;
			productReference = B77F1B2E17B978D7009739AE /* TiltAndShoot.app */;
			productType = "com.apple.product-type.application";
		};
/* End PBXNativeTarget section */

/* Begin PBXProject section */
		B77F1B2617B978D7009739AE /* Project object */ = {
			isa = PBXProject;
			attributes = {
				LastUpgradeCheck = 0510;
				ORGANIZATIONNAME = Apportable;
				TargetAttributes = {
					B77F1B2D17B978D7009739AE = {
						DevelopmentTeam = 8EV5JNYZS7;
						SystemCapabilities = {
							com.apple.GameCenter = {
								enabled = 0;
							};
						};
					};
				};
			};
			buildConfigurationList = B77F1B2917B978D7009739AE /* Build configuration list for PBXProject "TiltAndShoot" */;
			compatibilityVersion = "Xcode 3.2";
			developmentRegion = English;
			hasScannedForEncodings = 0;
			knownRegions = (
				en,
			);
			mainGroup = B77F1B2517B978D7009739AE;
			productRefGroup = B77F1B2F17B978D7009739AE /* Products */;
			projectDirPath = "";
			projectReferences = (
				{
					ProductGroup = B7378941180761A80076A88C /* Products */;
					ProjectRef = B7378940180761A80076A88C /* cocos2d-ios.xcodeproj */;
				},
			);
			projectRoot = "";
			targets = (
				B77F1B2D17B978D7009739AE /* TiltAndShoot */,
			);
		};
/* End PBXProject section */

/* Begin PBXReferenceProxy section */
		B737894B180761A90076A88C /* libcocos2d.a */ = {
			isa = PBXReferenceProxy;
			fileType = archive.ar;
			path = libcocos2d.a;
			remoteRef = B737894A180761A90076A88C /* PBXContainerItemProxy */;
			sourceTree = BUILT_PRODUCTS_DIR;
		};
/* End PBXReferenceProxy section */

/* Begin PBXResourcesBuildPhase section */
		B77F1B2C17B978D7009739AE /* Resources */ = {
			isa = PBXResourcesBuildPhase;
			buildActionMask = 2147483647;
			files = (
				419EB3461981495E001C9601 /* iPad-old.png in Resources */,
				419EB2F919804B87001C9601 /* FBNoThanksButtonPressed@2x.png in Resources */,
				419EB34E1981495E001C9601 /* Settings.png in Resources */,
				419EB33119804B87001C9601 /* send-field-landscape.png in Resources */,
				419EB32719804B87001C9601 /* mgwuPlaceholderIcon.png in Resources */,
				419EB33019804B87001C9601 /* send-button-instate.png in Resources */,
				419EB30119804B87001C9601 /* mgwu-gk-notification@2x.png in Resources */,
				419EB3491981495E001C9601 /* iPad@2x.png in Resources */,
				419EB31019804B87001C9601 /* MGWUBackground-Landscape~iphone.png in Resources */,
				419EB2F219804B87001C9601 /* FBLoginButton.png in Resources */,
				419EB31E19804B87001C9601 /* MGWUClose@2x.png in Resources */,
				419EB31F19804B87001C9601 /* MGWUFacebookLoginLandscape.nib in Resources */,
				419EB3471981495E001C9601 /* iPad-old@2x.png in Resources */,
				419EB2EF19804B87001C9601 /* FacebookIcon.png in Resources */,
				419EB34B1981495E001C9601 /* iPhone-old@2x.png in Resources */,
				419EB2EC19804B87001C9601 /* aqua.png in Resources */,
				419EB31119804B87001C9601 /* MGWUBackground-Portrait@2x~ipad.png in Resources */,
				419EB32919804B87001C9601 /* mgwuPlaceholderIconDark.png in Resources */,
				419EB2F519804B87001C9601 /* FBLoginButtonPressed@2x.png in Resources */,
				419EB30C19804B87001C9601 /* MGWUAboutFooter-Portrait~iphone.png in Resources */,
				419EB31319804B87001C9601 /* MGWUBackground-Portrait~ipad.png in Resources */,
				419EB2F119804B87001C9601 /* fb_connect.png in Resources */,
				419EB31619804B87001C9601 /* MGWUBackgroundDark-Landscape@2x~iphone.png in Resources */,
				419EB30419804B87001C9601 /* MGWUAboutFooter-Landscape-568h@2x~iphone.png in Resources */,
				419EB32219804B87001C9601 /* MGWUFacebookLoginPortraitDark.nib in Resources */,
				419EB31519804B87001C9601 /* MGWUBackgroundDark-Landscape@2x~ipad.png in Resources */,
				419EB34A1981495E001C9601 /* iPhone-old.png in Resources */,
				419EB2FB19804B87001C9601 /* grey-background.png in Resources */,
				419EB30A19804B87001C9601 /* MGWUAboutFooter-Portrait@2x~iphone.png in Resources */,
				419EB34F1981495E001C9601 /* Settings@2x.png in Resources */,
				419EB30319804B87001C9601 /* mgwu-m@2x.png in Resources */,
				419EB32119804B87001C9601 /* MGWUFacebookLoginPortrait.nib in Resources */,
				419EB32C19804B87001C9601 /* operator.connecting.png in Resources */,
				419EB31719804B87001C9601 /* MGWUBackgroundDark-Landscape~ipad.png in Resources */,
				419EB32F19804B87001C9601 /* send-button-inactive.png in Resources */,
				419EB35119814C9F001C9601 /* iphone_spotlight_1.png in Resources */,
				419EB32019804B87001C9601 /* MGWUFacebookLoginLandscapeDark.nib in Resources */,
				419EB2F719804B87001C9601 /* FBNoThanksButton@2x.png in Resources */,
				419EB32A19804B87001C9601 /* mgwuPlaceholderIconDark@2x.png in Resources */,
				419EB2F319804B87001C9601 /* FBLoginButton@2x.png in Resources */,
				B737893B180761570076A88C /* Published-iOS in Resources */,
				419EB31A19804B87001C9601 /* MGWUBackgroundDark-Portrait@2x~iphone.png in Resources */,
				419EB32E19804B87001C9601 /* send-button-active.png in Resources */,
				419EB30719804B87001C9601 /* MGWUAboutFooter-Landscape~ipad.png in Resources */,
				419EB30519804B87001C9601 /* MGWUAboutFooter-Landscape@2x~ipad.png in Resources */,
				419EB31C19804B87001C9601 /* MGWUBackgroundDark-Portrait~iphone.png in Resources */,
				419EB30219804B87001C9601 /* mgwu-m.png in Resources */,
				419EB30E19804B87001C9601 /* MGWUBackground-Landscape@2x~iphone.png in Resources */,
				419EB34D1981495E001C9601 /* iPhone@2x.png in Resources */,
				419EB32519804B87001C9601 /* mgwuLogoDark.png in Resources */,
				419EB30F19804B87001C9601 /* MGWUBackground-Landscape~ipad.png in Resources */,
				419EB30619804B87001C9601 /* MGWUAboutFooter-Landscape@2x~iphone.png in Resources */,
				419EB2F619804B87001C9601 /* FBNoThanksButton.png in Resources */,
				419EB2FD19804B87001C9601 /* hipmob.send.png in Resources */,
				419EB31D19804B87001C9601 /* MGWUClose.png in Resources */,
				419EB32D19804B87001C9601 /* operator.unavailable.png in Resources */,
				419EB2F419804B87001C9601 /* FBLoginButtonPressed.png in Resources */,
				419EB32B19804B87001C9601 /* operator.available.png in Resources */,
				419EB2ED19804B87001C9601 /* bluechatbubble.png in Resources */,
				419EB30919804B87001C9601 /* MGWUAboutFooter-Portrait@2x~ipad.png in Resources */,
				419EB2EE19804B87001C9601 /* CrossPromoViewController.nib in Resources */,
				419EB30819804B87001C9601 /* MGWUAboutFooter-Landscape~iphone.png in Resources */,
				419EB2FC19804B87001C9601 /* hipmob.back.btn.png in Resources */,
				419EB3481981495E001C9601 /* iPad.png in Resources */,
				419EB32419804B87001C9601 /* mgwuLogo@2x.png in Resources */,
				419EB32619804B87001C9601 /* mgwuLogoDark@2x.png in Resources */,
				419EB34C1981495E001C9601 /* iPhone.png in Resources */,
				419EB31B19804B87001C9601 /* MGWUBackgroundDark-Portrait~ipad.png in Resources */,
				419EB3391981466D001C9601 /* Images.xcassets in Resources */,
				419EB31819804B87001C9601 /* MGWUBackgroundDark-Landscape~iphone.png in Resources */,
				419EB30B19804B87001C9601 /* MGWUAboutFooter-Portrait~ipad.png in Resources */,
				419EB31919804B87001C9601 /* MGWUBackgroundDark-Portrait@2x~ipad.png in Resources */,
				419EB30019804B87001C9601 /* mgwu-gk-notification.png in Resources */,
				419EB31219804B87001C9601 /* MGWUBackground-Portrait@2x~iphone.png in Resources */,
				419EB32819804B87001C9601 /* mgwuPlaceholderIcon@2x.png in Resources */,
				419EB2F819804B87001C9601 /* FBNoThanksButtonPressed.png in Resources */,
				419EB31419804B87001C9601 /* MGWUBackground-Portrait~iphone.png in Resources */,
				419EB2FA19804B87001C9601 /* green.png in Resources */,
				419EB32319804B87001C9601 /* mgwuLogo.png in Resources */,
				419EB2FF19804B87001C9601 /* hipmobsend_field@2x.png in Resources */,
				419EB30D19804B87001C9601 /* MGWUBackground-Landscape@2x~ipad.png in Resources */,
				419EB2F019804B87001C9601 /* FacebookSDKResources.bundle in Resources */,
				419EB2FE19804B87001C9601 /* hipmobsend_field.png in Resources */,
			);
			runOnlyForDeploymentPostprocessing = 0;
		};
/* End PBXResourcesBuildPhase section */

/* Begin PBXShellScriptBuildPhase section */
		419EB35619815634001C9601 /* ShellScript */ = {
			isa = PBXShellScriptBuildPhase;
			buildActionMask = 2147483647;
			files = (
			);
			inputPaths = (
			);
			outputPaths = (
			);
			runOnlyForDeploymentPostprocessing = 0;
			shellPath = /bin/sh;
			shellScript = "";
		};
		548D314B19806D2400A6F009 /* ShellScript */ = {
			isa = PBXShellScriptBuildPhase;
			buildActionMask = 2147483647;
			files = (
			);
			inputPaths = (
			);
			outputPaths = (
			);
			runOnlyForDeploymentPostprocessing = 0;
			shellPath = /bin/sh;
			shellScript = "./mgwuSDK.embeddedframework/mgwuSDK.framework/run 2d036bd18fa0c7a9a7148929a1d2ea6d8ad9c630 d5331d88006e49ab03aef325af09f40055cabb0494050ce0147965f0d6bfc9e4";
		};
		D2E0167A18D782EC00927430 /* Run Script */ = {
			isa = PBXShellScriptBuildPhase;
			buildActionMask = 2147483647;
			files = (
			);
			inputPaths = (
			);
			name = "Run Script";
			outputPaths = (
			);
			runOnlyForDeploymentPostprocessing = 0;
			shellPath = /bin/sh;
			shellScript = "osascript -e 'tell application \"System Events\"' -e 'set ProcessList to name of every process' -e 'if \"SpriteBuilder\" is in ProcessList then' -e 'tell application \"SpriteBuilder\" to publish' -e 'end if' -e 'end tell'";
		};
/* End PBXShellScriptBuildPhase section */

/* Begin PBXSourcesBuildPhase section */
		B77F1B2A17B978D7009739AE /* Sources */ = {
			isa = PBXSourcesBuildPhase;
			buildActionMask = 2147483647;
			files = (
				B737893F1807617C0076A88C /* AppDelegate.m in Sources */,
				B7378994180767190076A88C /* MainScene.m in Sources */,
				41809A9D197D79FB00323545 /* Recap.m in Sources */,
				B73789871807631A0076A88C /* main.m in Sources */,
			);
			runOnlyForDeploymentPostprocessing = 0;
		};
/* End PBXSourcesBuildPhase section */

/* Begin PBXTargetDependency section */
		B7378989180764180076A88C /* PBXTargetDependency */ = {
			isa = PBXTargetDependency;
			name = cocos2d;
			targetProxy = B7378988180764180076A88C /* PBXContainerItemProxy */;
		};
/* End PBXTargetDependency section */

/* Begin XCBuildConfiguration section */
		B77F1CDC17B978D8009739AE /* Debug */ = {
			isa = XCBuildConfiguration;
			buildSettings = {
				CLANG_WARN_BOOL_CONVERSION = YES;
				CLANG_WARN_CONSTANT_CONVERSION = YES;
				CLANG_WARN_EMPTY_BODY = YES;
				CLANG_WARN_ENUM_CONVERSION = YES;
				CLANG_WARN_INT_CONVERSION = YES;
				CLANG_WARN__DUPLICATE_METHOD_MATCH = YES;
				"CODE_SIGN_IDENTITY[sdk=iphoneos*]" = "iPhone Developer";
				GCC_C_LANGUAGE_STANDARD = gnu99;
				GCC_OPTIMIZATION_LEVEL = 0;
				GCC_PREPROCESSOR_DEFINITIONS = (
					DEBUG,
					"COCOS2D_DEBUG=1",
				);
				GCC_SYMBOLS_PRIVATE_EXTERN = NO;
				GCC_VERSION = com.apple.compilers.llvm.clang.1_0;
				GCC_WARN_64_TO_32_BIT_CONVERSION = YES;
				GCC_WARN_ABOUT_RETURN_TYPE = YES;
				GCC_WARN_UNDECLARED_SELECTOR = YES;
				GCC_WARN_UNINITIALIZED_AUTOS = YES;
				GCC_WARN_UNUSED_FUNCTION = YES;
				GCC_WARN_UNUSED_VARIABLE = YES;
				IPHONEOS_DEPLOYMENT_TARGET = 4.0;
				ONLY_ACTIVE_ARCH = YES;
				SDKROOT = iphoneos;
				TARGETED_DEVICE_FAMILY = "1,2";
			};
			name = Debug;
		};
		B77F1CDD17B978D8009739AE /* Release */ = {
			isa = XCBuildConfiguration;
			buildSettings = {
				CLANG_WARN_BOOL_CONVERSION = YES;
				CLANG_WARN_CONSTANT_CONVERSION = YES;
				CLANG_WARN_EMPTY_BODY = YES;
				CLANG_WARN_ENUM_CONVERSION = YES;
				CLANG_WARN_INT_CONVERSION = YES;
				CLANG_WARN__DUPLICATE_METHOD_MATCH = YES;
				"CODE_SIGN_IDENTITY[sdk=iphoneos*]" = "iPhone Developer";
				GCC_C_LANGUAGE_STANDARD = gnu99;
				GCC_PREPROCESSOR_DEFINITIONS = (
					NDEBUG,
					"NS_BLOCK_ASSERTIONS=1",
				);
				GCC_VERSION = com.apple.compilers.llvm.clang.1_0;
				GCC_WARN_64_TO_32_BIT_CONVERSION = YES;
				GCC_WARN_ABOUT_RETURN_TYPE = YES;
				GCC_WARN_UNDECLARED_SELECTOR = YES;
				GCC_WARN_UNINITIALIZED_AUTOS = YES;
				GCC_WARN_UNUSED_FUNCTION = YES;
				GCC_WARN_UNUSED_VARIABLE = YES;
				IPHONEOS_DEPLOYMENT_TARGET = 4.0;
				SDKROOT = iphoneos;
				TARGETED_DEVICE_FAMILY = "1,2";
			};
			name = Release;
		};
		B77F1CDF17B978D8009739AE /* Debug */ = {
			isa = XCBuildConfiguration;
			buildSettings = {
				ALWAYS_SEARCH_USER_PATHS = NO;
				ASSETCATALOG_COMPILER_APPICON_NAME = AppIcon;
				ASSETCATALOG_COMPILER_LAUNCHIMAGE_NAME = LaunchImage;
				CLANG_ENABLE_OBJC_ARC = YES;
				CODE_SIGN_IDENTITY = "iPhone Developer";
				"CODE_SIGN_IDENTITY[sdk=iphoneos*]" = "iPhone Developer";
				COPY_PHASE_STRIP = NO;
				FRAMEWORK_SEARCH_PATHS = (
					"$(inherited)",
					"$(PROJECT_DIR)",
					"$(PROJECT_DIR)/mgwuSDK.embeddedframework",
				);
				GCC_DYNAMIC_NO_PIC = NO;
				GCC_PRECOMPILE_PREFIX_HEADER = YES;
				GCC_PREFIX_HEADER = Source/Prefix.pch;
				HEADER_SEARCH_PATHS = (
					"\"Source/libs/cocos2d-iphone/external/kazmath/include\"/**",
					"\"Source/libs/cocos2d-iphone/cocos2d\"/**",
					"Source/libs/cocos2d-iphone/external/Chipmunk/objectivec/include",
					"Source/libs/cocos2d-iphone/external/Chipmunk/include",
					"\"Source/libs/cocos2d-iphone/cocos2d-ui\"/**",
					"\"Source/libs/cocos2d-iphone/external/ObjectAL\"/**",
				);
				INFOPLIST_FILE = Source/Resources/Info.plist;
				IPHONEOS_DEPLOYMENT_TARGET = 5.0;
				ONLY_ACTIVE_ARCH = YES;
				OTHER_LDFLAGS = (
					"-lz",
					"-lsqlite3",
					"-ObjC",
					"-lsqlite3.0",
				);
				PRODUCT_NAME = TiltAndShoot;
				PROVISIONING_PROFILE = "";
				TARGETED_DEVICE_FAMILY = 1;
				VALID_ARCHS = "armv7 armv7s";
				WRAPPER_EXTENSION = app;
			};
			name = Debug;
		};
		B77F1CE017B978D8009739AE /* Release */ = {
			isa = XCBuildConfiguration;
			buildSettings = {
				ALWAYS_SEARCH_USER_PATHS = NO;
				ASSETCATALOG_COMPILER_APPICON_NAME = AppIcon;
				ASSETCATALOG_COMPILER_LAUNCHIMAGE_NAME = LaunchImage;
				CLANG_ENABLE_OBJC_ARC = YES;
				CODE_SIGN_IDENTITY = "iPhone Developer";
				"CODE_SIGN_IDENTITY[sdk=iphoneos*]" = "iPhone Distribution: Samuel Drozdov (8EV5JNYZS7)";
				COPY_PHASE_STRIP = YES;
				FRAMEWORK_SEARCH_PATHS = (
					"$(inherited)",
					"$(PROJECT_DIR)",
					"$(PROJECT_DIR)/mgwuSDK.embeddedframework",
				);
				GCC_PRECOMPILE_PREFIX_HEADER = YES;
				GCC_PREFIX_HEADER = Source/Prefix.pch;
				HEADER_SEARCH_PATHS = (
					"\"Source/libs/cocos2d-iphone/external/kazmath/include\"/**",
					"\"Source/libs/cocos2d-iphone/cocos2d\"/**",
					"Source/libs/cocos2d-iphone/external/Chipmunk/objectivec/include",
					"Source/libs/cocos2d-iphone/external/Chipmunk/include",
					"\"Source/libs/cocos2d-iphone/cocos2d-ui\"/**",
					"\"Source/libs/cocos2d-iphone/external/ObjectAL\"/**",
				);
				INFOPLIST_FILE = Source/Resources/Info.plist;
				IPHONEOS_DEPLOYMENT_TARGET = 5.0;
				OTHER_LDFLAGS = (
					"-lz",
					"-lsqlite3",
					"-ObjC",
					"-lsqlite3.0",
				);
				PRODUCT_NAME = TiltAndShoot;
				PROVISIONING_PROFILE = "";
				TARGETED_DEVICE_FAMILY = 1;
				VALIDATE_PRODUCT = YES;
				VALID_ARCHS = "armv7 armv7s";
				WRAPPER_EXTENSION = app;
			};
			name = Release;
		};
/* End XCBuildConfiguration section */

/* Begin XCConfigurationList section */
		B77F1B2917B978D7009739AE /* Build configuration list for PBXProject "TiltAndShoot" */ = {
			isa = XCConfigurationList;
			buildConfigurations = (
				B77F1CDC17B978D8009739AE /* Debug */,
				B77F1CDD17B978D8009739AE /* Release */,
			);
			defaultConfigurationIsVisible = 0;
			defaultConfigurationName = Release;
		};
		B77F1CDE17B978D8009739AE /* Build configuration list for PBXNativeTarget "TiltAndShoot" */ = {
			isa = XCConfigurationList;
			buildConfigurations = (
				B77F1CDF17B978D8009739AE /* Debug */,
				B77F1CE017B978D8009739AE /* Release */,
			);
			defaultConfigurationIsVisible = 0;
			defaultConfigurationName = Release;
		};
/* End XCConfigurationList section */
	};
	rootObject = B77F1B2617B978D7009739AE /* Project object */;
}
